<?xml version="1.0" encoding="utf-8"?>
<Project ToolsVersion="4.0" xmlns="http://schemas.microsoft.com/developer/msbuild/2003">
  <ItemGroup>
    <Filter Include="Platform">
      <UniqueIdentifier>{2AC788B4-1694-E3BF-3FAD-D1672BD9184E}</UniqueIdentifier>
    </Filter>
    <Filter Include="Zahra">
      <UniqueIdentifier>{BB97920E-27AC-BABF-F02D-5E1F5C01B7F0}</UniqueIdentifier>
    </Filter>
    <Filter Include="Zahra\Events">
      <UniqueIdentifier>{3FE36EEA-2B46-FE8E-D4CB-3645C00DCA11}</UniqueIdentifier>
    </Filter>
  </ItemGroup>
  <ItemGroup>
    <ClInclude Include="src\Platform\WindowsWindow.h">
      <Filter>Platform</Filter>
    </ClInclude>
    <ClInclude Include="src\Zahra.h" />
    <ClInclude Include="src\Zahra\Application.h">
      <Filter>Zahra</Filter>
    </ClInclude>
    <ClInclude Include="src\Zahra\Core.h">
      <Filter>Zahra</Filter>
    </ClInclude>
    <ClInclude Include="src\Zahra\EntryPoint.h">
      <Filter>Zahra</Filter>
    </ClInclude>
    <ClInclude Include="src\Zahra\Events\ApplicationEvent.h">
      <Filter>Zahra\Events</Filter>
    </ClInclude>
    <ClInclude Include="src\Zahra\Events\Event.h">
      <Filter>Zahra\Events</Filter>
    </ClInclude>
    <ClInclude Include="src\Zahra\Events\KeyEvent.h">
      <Filter>Zahra\Events</Filter>
    </ClInclude>
    <ClInclude Include="src\Zahra\Events\MouseEvent.h">
      <Filter>Zahra\Events</Filter>
    </ClInclude>
    <ClInclude Include="src\Zahra\Layer.h">
      <Filter>Zahra</Filter>
    </ClInclude>
    <ClInclude Include="src\Zahra\LayerStack.h">
      <Filter>Zahra</Filter>
    </ClInclude>
    <ClInclude Include="src\Zahra\Log.h">
      <Filter>Zahra</Filter>
    </ClInclude>
    <ClInclude Include="src\Zahra\Window.h">
      <Filter>Zahra</Filter>
    </ClInclude>
    <ClInclude Include="src\zpch.h" />
  </ItemGroup>
  <ItemGroup>
    <ClCompile Include="src\Platform\WindowsWindow.cpp">
      <Filter>Platform</Filter>
    </ClCompile>
    <ClCompile Include="src\Zahra\Application.cpp">
      <Filter>Zahra</Filter>
    </ClCompile>
    <ClCompile Include="src\Zahra\Layer.cpp">
      <Filter>Zahra</Filter>
    </ClCompile>
    <ClCompile Include="src\Zahra\LayerStack.cpp">
      <Filter>Zahra</Filter>
    </ClCompile>
    <ClCompile Include="src\Zahra\Log.cpp">
      <Filter>Zahra</Filter>
    </ClCompile>
    <ClCompile Include="src\zpch.cpp" />
  </ItemGroup>
</Project>